openappsec.io/ctxutils v0.3.1 h1:A0I8eNVfpR0UPwkZmjy3CO4i1Syz0/KQatsm8OMsPd8=
openappsec.io/ctxutils v0.3.1/go.mod h1:bIQhv/fvtFqhEgh09IOwdkwF9Joie0z4raYU+yy212k=
openappsec.io/testutils v0.1.3 h1:t79Hz4y4II3rN0+d4f12sydHjiTlw6GnDept2vpeYLs=
openappsec.io/testutils v0.1.3/go.mod h1:SVIW6uQVMe3lvLm1uqgLPSJDO6KyXxgFYrYi6BizMTY=
golang.org/x/xerrors v0.0.0-20200804184101-5ec99f83aff1 h1:go1bK/D/BFZV2I8cIQd1NKEZ+0owSTG1fDTci4IqFcE=
golang.org/x/xerrors v0.0.0-20200804184101-5ec99f83aff1/go.mod h1:I/5z698sn9Ka8TeJc9MKroUUfqBBauWjQqLJ2OPfmY0=
